
Microsoft Visual Studio Solution File, Format Version 12.00
# Visual Studio 2012
Project("{8BC9CEB8-8B4A-11D0-8D11-00A0C91BC942}") = "avs-spectro", "avs-spectro\avs-spectro.vcxproj", "{3F8C8EC5-F0BB-4E27-9657-702B1BF8F326}"
EndProject
Global
	GlobalSection(SolutionConfigurationPlatforms) = preSolution
		Debug|Win32 = Debug|Win32
		Release|Win32 = Release|Win32
	EndGlobalSection
	GlobalSection(ProjectConfigurationPlatforms) = postSolution
		{3F8C8EC5-F0BB-4E27-9657-702B1BF8F326}.Debug|Win32.ActiveCfg = Debug|Win32
		{3F8C8EC5-F0BB-4E27-9657-702B1BF8F326}.Debug|Win32.Build.0 = Debug|Win32
		{3F8C8EC5-F0BB-4E27-9657-702B1BF8F326}.Release|Win32.ActiveCfg = Release|Win32
		{3F8C8EC5-F0BB-4E27-9657-702B1BF8F326}.Release|Win32.Build.0 = Release|Win32
	EndGlobalSection
	GlobalSection(SolutionProperties) = preSolution
		HideSolutionNode = FALSE
	EndGlobalSection
EndGlobal
